
Microsoft Visual Studio Solution File, Format Version 12.00
# Visual Studio Version 16
VisualStudioVersion = 16.0.28803.452
MinimumVisualStudioVersion = 10.0.40219.1
Project("{FAE04EC0-301F-11D3-BF4B-00C04F79EFBC}") = "Panviva.RebootDemoBot.App", "Panviva.RebootDemoBot.App\Panviva.RebootDemoBot.App.csproj", "{B1E5954E-621D-45EC-8B78-551AB1E3B809}"
EndProject
Global
	GlobalSection(SolutionConfigurationPlatforms) = preSolution
		Debug|Any CPU = Debug|Any CPU
		Release|Any CPU = Release|Any CPU
	EndGlobalSection
	GlobalSection(ProjectConfigurationPlatforms) = postSolution
		{B1E5954E-621D-45EC-8B78-551AB1E3B809}.Debug|Any CPU.ActiveCfg = Debug|Any CPU
		{B1E5954E-621D-45EC-8B78-551AB1E3B809}.Debug|Any CPU.Build.0 = Debug|Any CPU
		{B1E5954E-621D-45EC-8B78-551AB1E3B809}.Release|Any CPU.ActiveCfg = Release|Any CPU
		{B1E5954E-621D-45EC-8B78-551AB1E3B809}.Release|Any CPU.Build.0 = Release|Any CPU
	EndGlobalSection
	GlobalSection(SolutionProperties) = preSolution
		HideSolutionNode = FALSE
	EndGlobalSection
	GlobalSection(ExtensibilityGlobals) = postSolution
		SolutionGuid = {504DB38F-F418-4569-B3BA-551E64F1F569}
	EndGlobalSection
EndGlobal
